version = 1
revision = 1
requires-python = ">=3.13"

[[package]]
name = "asgiref"
version = "3.8.1"
source = { registry = "https://pypi.org/simple" }
sdist = { url = "https://files.pythonhosted.org/packages/29/38/b3395cc9ad1b56d2ddac9970bc8f4141312dbaec28bc7c218b0dfafd0f42/asgiref-3.8.1.tar.gz", hash = "sha256:c343bd80a0bec947a9860adb4c432ffa7db769836c64238fc34bdc3fec84d590", size = 35186 }
wheels = [
    { url = "https://files.pythonhosted.org/packages/39/e3/893e8757be2612e6c266d9bb58ad2e3651524b5b40cf56761e985a28b13e/asgiref-3.8.1-py3-none-any.whl", hash = "sha256:3e1e3ecc849832fe52ccf2cb6686b7a55f82bb1d6aee72a58826471390335e47", size = 23828 },
]

[[package]]
name = "backend"
version = "0.1.0"
source = { virtual = "." }
dependencies = [
    { name = "fastapi" },
    { name = "motor" },
    { name = "uvicorn" },
]

[package.metadata]
requires-dist = [
    { name = "fastapi", specifier = "==0.65.1" },
    { name = "motor", specifier = "==2.4.0" },
    { name = "uvicorn", specifier = "==0.14.0" },
]

[[package]]
name = "click"
version = "8.2.0"
source = { registry = "https://pypi.org/simple" }
dependencies = [
    { name = "colorama", marker = "sys_platform == 'win32'" },
]
sdist = { url = "https://files.pythonhosted.org/packages/cd/0f/62ca20172d4f87d93cf89665fbaedcd560ac48b465bd1d92bfc7ea6b0a41/click-8.2.0.tar.gz", hash = "sha256:f5452aeddd9988eefa20f90f05ab66f17fce1ee2a36907fd30b05bbb5953814d", size = 235857 }
wheels = [
    { url = "https://files.pythonhosted.org/packages/a2/58/1f37bf81e3c689cc74ffa42102fa8915b59085f54a6e4a80bc6265c0f6bf/click-8.2.0-py3-none-any.whl", hash = "sha256:6b303f0b2aa85f1cb4e5303078fadcbcd4e476f114fab9b5007005711839325c", size = 102156 },
]

[[package]]
name = "colorama"
version = "0.4.6"
source = { registry = "https://pypi.org/simple" }
sdist = { url = "https://files.pythonhosted.org/packages/d8/53/6f443c9a4a8358a93a6792e2acffb9d9d5cb0a5cfd8802644b7b1c9a02e4/colorama-0.4.6.tar.gz", hash = "sha256:08695f5cb7ed6e0531a20572697297273c47b8cae5a63ffc6d6ed5c201be6e44", size = 27697 }
wheels = [
    { url = "https://files.pythonhosted.org/packages/d1/d6/3965ed04c63042e047cb6a3e6ed1a63a35087b6a609aa3a15ed8ac56c221/colorama-0.4.6-py2.py3-none-any.whl", hash = "sha256:4f1d9991f5acc0ca119f9d443620b77f9d6b33703e51011c16baf57afb285fc6", size = 25335 },
]

[[package]]
name = "fastapi"
version = "0.65.1"
source = { registry = "https://pypi.org/simple" }
dependencies = [
    { name = "pydantic" },
    { name = "starlette" },
]
sdist = { url = "https://files.pythonhosted.org/packages/3a/e5/5eee1f9204886acb45da099f91bf34985b2c536b2746ef9bc3a937751ff7/fastapi-0.65.1.tar.gz", hash = "sha256:478b7e0cbb52c9913b9903d88ae14195cb8a479c4596e0b2f2238d317840a7dc", size = 5519965 }
wheels = [
    { url = "https://files.pythonhosted.org/packages/4e/b9/a91a699f5c201413b3f61405dbccc29ebe5ad25945230e9cec98fdb2434c/fastapi-0.65.1-py3-none-any.whl", hash = "sha256:7619282fbce0ec53c7dfa3fa262280c00ace9f6d772cfd06e4ab219dce66985e", size = 50934 },
]

[[package]]
name = "h11"
version = "0.16.0"
source = { registry = "https://pypi.org/simple" }
sdist = { url = "https://files.pythonhosted.org/packages/01/ee/02a2c011bdab74c6fb3c75474d40b3052059d95df7e73351460c8588d963/h11-0.16.0.tar.gz", hash = "sha256:4e35b956cf45792e4caa5885e69fba00bdbc6ffafbfa020300e549b208ee5ff1", size = 101250 }
wheels = [
    { url = "https://files.pythonhosted.org/packages/04/4b/29cac41a4d98d144bf5f6d33995617b185d14b22401f75ca86f384e87ff1/h11-0.16.0-py3-none-any.whl", hash = "sha256:63cf8bbe7522de3bf65932fda1d9c2772064ffb3dae62d55932da54b31cb6c86", size = 37515 },
]

[[package]]
name = "motor"
version = "2.4.0"
source = { registry = "https://pypi.org/simple" }
dependencies = [
    { name = "pymongo" },
]
sdist = { url = "https://files.pythonhosted.org/packages/6b/4d/d8e92a786d26de3699c2b087335c595cf2a7ca18a0294ac644b5e03d41f1/motor-2.4.0.tar.gz", hash = "sha256:1196db507142ef8f00d953efa2f37b39335ef2d72af6ce4fbccfd870b65c5e9f", size = 334978 }
wheels = [
    { url = "https://files.pythonhosted.org/packages/b1/ab/d0ea0bf9f4c1b3936236fae99db9a19a95fd1bd79e67a1ff8d926898ecfe/motor-2.4.0-py3-none-any.whl", hash = "sha256:839c11a43897dbec8e5ba0e87a9c9b877239803126877b2efa5cef89aa6b687a", size = 54171 },
]

[[package]]
name = "pydantic"
version = "1.10.22"
source = { registry = "https://pypi.org/simple" }
dependencies = [
    { name = "typing-extensions" },
]
sdist = { url = "https://files.pythonhosted.org/packages/9a/57/5996c63f0deec09e9e901a2b838247c97c6844999562eac4e435bcb83938/pydantic-1.10.22.tar.gz", hash = "sha256:ee1006cebd43a8e7158fb7190bb8f4e2da9649719bff65d0c287282ec38dec6d", size = 356771 }
wheels = [
    { url = "https://files.pythonhosted.org/packages/47/8f/67befe3607b342dd6eb80237134ebcc6e8db42138609306eaf2b30e1f273/pydantic-1.10.22-cp313-cp313-macosx_10_13_x86_64.whl", hash = "sha256:b259dc89c9abcd24bf42f31951fb46c62e904ccf4316393f317abeeecda39978", size = 2797042 },
    { url = "https://files.pythonhosted.org/packages/aa/91/bfde7d301f8e1c4cff949b3f1eb2c9b27bdd4b2368da0fe88e7350bbe4bc/pydantic-1.10.22-cp313-cp313-macosx_11_0_arm64.whl", hash = "sha256:9238aa0964d80c0908d2f385e981add58faead4412ca80ef0fa352094c24e46d", size = 2538572 },
    { url = "https://files.pythonhosted.org/packages/d7/ce/1b0097ece420354df77d2f01c72278fb43770c8ed732d6b7a303c0c70875/pydantic-1.10.22-cp313-cp313-manylinux_2_17_x86_64.manylinux2014_x86_64.whl", hash = "sha256:6f8029f05b04080e3f1a550575a1bca747c0ea4be48e2d551473d47fd768fc1b", size = 2986271 },
    { url = "https://files.pythonhosted.org/packages/eb/4c/e257edfd5a0025a428aee7a2835e21b51c76a6b1c8994bcccb14d5721eea/pydantic-1.10.22-cp313-cp313-manylinux_2_5_i686.manylinux1_i686.manylinux_2_17_i686.manylinux2014_i686.whl", hash = "sha256:5c06918894f119e0431a36c9393bc7cceeb34d1feeb66670ef9b9ca48c073937", size = 3015617 },
    { url = "https://files.pythonhosted.org/packages/00/17/ecf46ff31fd62d382424a07ed60540d4479094204bebeebb6dea597e88c3/pydantic-1.10.22-cp313-cp313-musllinux_1_2_i686.whl", hash = "sha256:e205311649622ee8fc1ec9089bd2076823797f5cd2c1e3182dc0e12aab835b35", size = 3164222 },
    { url = "https://files.pythonhosted.org/packages/1a/47/2d55ec452c9a87347234bbbc70df268e1f081154b1851f0db89638558a1c/pydantic-1.10.22-cp313-cp313-musllinux_1_2_x86_64.whl", hash = "sha256:815f0a73d5688d6dd0796a7edb9eca7071bfef961a7b33f91e618822ae7345b7", size = 3117572 },
    { url = "https://files.pythonhosted.org/packages/03/2f/30359a36245b029bec7e442dd780fc242c66e66ad7dd5b50af2dcfd41ff3/pydantic-1.10.22-cp313-cp313-win_amd64.whl", hash = "sha256:9dfce71d42a5cde10e78a469e3d986f656afc245ab1b97c7106036f088dd91f8", size = 2174666 },
    { url = "https://files.pythonhosted.org/packages/e9/e0/1ed151a56869be1588ad2d8cda9f8c1d95b16f74f09a7cea879ca9b63a8b/pydantic-1.10.22-py3-none-any.whl", hash = "sha256:343037d608bcbd34df937ac259708bfc83664dadf88afe8516c4f282d7d471a9", size = 166503 },
]

[[package]]
name = "pymongo"
version = "3.13.0"
source = { registry = "https://pypi.org/simple" }
sdist = { url = "https://files.pythonhosted.org/packages/ec/ff/9b08f29b57384e1f55080d15a12ba4908d93d46cd7fe83c5c562fdcd3400/pymongo-3.13.0.tar.gz", hash = "sha256:e22d6cf5802cd09b674c307cc9e03870b8c37c503ebec3d25b86f2ce8c535dc7", size = 804388 }

[[package]]
name = "starlette"
version = "0.14.2"
source = { registry = "https://pypi.org/simple" }
sdist = { url = "https://files.pythonhosted.org/packages/3a/06/ded663a1ddea8b11a2027d88ff0e757f9cdb812310f18bee33ef7270112f/starlette-0.14.2.tar.gz", hash = "sha256:7d49f4a27f8742262ef1470608c59ddbc66baf37c148e938c7038e6bc7a998aa", size = 50123 }
wheels = [
    { url = "https://files.pythonhosted.org/packages/15/34/db1890f442a1cd3a2c761f4109a0eb4e63503218d70a8c8e97faa09a5500/starlette-0.14.2-py3-none-any.whl", hash = "sha256:3c8e48e52736b3161e34c9f0e8153b4f32ec5d8995a3ee1d59410d92f75162ed", size = 60648 },
]

[[package]]
name = "typing-extensions"
version = "4.13.2"
source = { registry = "https://pypi.org/simple" }
sdist = { url = "https://files.pythonhosted.org/packages/f6/37/23083fcd6e35492953e8d2aaaa68b860eb422b34627b13f2ce3eb6106061/typing_extensions-4.13.2.tar.gz", hash = "sha256:e6c81219bd689f51865d9e372991c540bda33a0379d5573cddb9a3a23f7caaef", size = 106967 }
wheels = [
    { url = "https://files.pythonhosted.org/packages/8b/54/b1ae86c0973cc6f0210b53d508ca3641fb6d0c56823f288d108bc7ab3cc8/typing_extensions-4.13.2-py3-none-any.whl", hash = "sha256:a439e7c04b49fec3e5d3e2beaa21755cadbbdc391694e28ccdd36ca4a1408f8c", size = 45806 },
]

[[package]]
name = "uvicorn"
version = "0.14.0"
source = { registry = "https://pypi.org/simple" }
dependencies = [
    { name = "asgiref" },
    { name = "click" },
    { name = "h11" },
]
sdist = { url = "https://files.pythonhosted.org/packages/e9/9e/25d59f5043cf763833b2581c8027fa92342c4cf8ee523b498ecdf460c16d/uvicorn-0.14.0.tar.gz", hash = "sha256:45ad7dfaaa7d55cab4cd1e85e03f27e9d60bc067ddc59db52a2b0aeca8870292", size = 35445 }
wheels = [
    { url = "https://files.pythonhosted.org/packages/bf/fe/a41994c92897b162c0c83e8ef10bec54ebdefbce3f3725b530d2091492ac/uvicorn-0.14.0-py3-none-any.whl", hash = "sha256:2a76bb359171a504b3d1c853409af3adbfa5cef374a4a59e5881945a97a93eae", size = 50457 },
]
